// !$*UTF8*$!
{
	archiveVersion = 1;
	classes = {
	};
	objectVersion = 50;
	objects = {

/* Begin PBXBuildFile section */
		DF009C9823FC14C9006DF207 /* AppDelegate.swift in Sources */ = {isa = PBXBuildFile; fileRef = DF009C9723FC14C9006DF207 /* AppDelegate.swift */; };
		DF009C9A23FC14C9006DF207 /* ContentView.swift in Sources */ = {isa = PBXBuildFile; fileRef = DF009C9923FC14C9006DF207 /* ContentView.swift */; };
		DF009C9C23FC14CA006DF207 /* Assets.xcassets in Resources */ = {isa = PBXBuildFile; fileRef = DF009C9B23FC14CA006DF207 /* Assets.xcassets */; };
		DF009C9F23FC14CA006DF207 /* Preview Assets.xcassets in Resources */ = {isa = PBXBuildFile; fileRef = DF009C9E23FC14CA006DF207 /* Preview Assets.xcassets */; };
		DF009CA223FC14CA006DF207 /* Main.storyboard in Resources */ = {isa = PBXBuildFile; fileRef = DF009CA023FC14CA006DF207 /* Main.storyboard */; };
		DF009CAE23FC14CA006DF207 /* FlatAeroTests.swift in Sources */ = {isa = PBXBuildFile; fileRef = DF009CAD23FC14CA006DF207 /* FlatAeroTests.swift */; };
		DF009CB923FC14CA006DF207 /* FlatAeroUITests.swift in Sources */ = {isa = PBXBuildFile; fileRef = DF009CB823FC14CA006DF207 /* FlatAeroUITests.swift */; };
		DF4DFD21240CEA7A0093F6FD /* libflat.a in Frameworks */ = {isa = PBXBuildFile; fileRef = DFE2C744240C1F6E00EDD925 /* libflat.a */; };
		DF95C949240D77BE009FA3C5 /* FlatTests.swift in Sources */ = {isa = PBXBuildFile; fileRef = DF95C948240D77BE009FA3C5 /* FlatTests.swift */; };
		DFE2C756240C205D00EDD925 /* FlatWrapper.swift in Sources */ = {isa = PBXBuildFile; fileRef = DFE2C755240C205D00EDD925 /* FlatWrapper.swift */; };
		DFF2D8AA240C362E00ADF561 /* Wrapper.mm in Sources */ = {isa = PBXBuildFile; fileRef = DFF2D8A9240C362E00ADF561 /* Wrapper.mm */; };
		DFF2D8AB240C64A800ADF561 /* libflatbuffers.a in Frameworks */ = {isa = PBXBuildFile; fileRef = DFE2C746240C1F6E00EDD925 /* libflatbuffers.a */; };
/* End PBXBuildFile section */

/* Begin PBXContainerItemProxy section */
		DF009CAA23FC14CA006DF207 /* PBXContainerItemProxy */ = {
			isa = PBXContainerItemProxy;
			containerPortal = DF009C8C23FC14C9006DF207 /* Project object */;
			proxyType = 1;
			remoteGlobalIDString = DF009C9323FC14C9006DF207;
			remoteInfo = FlatAero;
		};
		DF009CB523FC14CA006DF207 /* PBXContainerItemProxy */ = {
			isa = PBXContainerItemProxy;
			containerPortal = DF009C8C23FC14C9006DF207 /* Project object */;
			proxyType = 1;
			remoteGlobalIDString = DF009C9323FC14C9006DF207;
			remoteInfo = FlatAero;
		};
		DFE2C743240C1F6E00EDD925 /* PBXContainerItemProxy */ = {
			isa = PBXContainerItemProxy;
			containerPortal = DFE2C732240C1F6D00EDD925 /* FLAT.xcodeproj */;
			proxyType = 2;
			remoteGlobalIDString = 25CF8C3F79064BB28D2312F6;
			remoteInfo = flat;
		};
		DFE2C745240C1F6E00EDD925 /* PBXContainerItemProxy */ = {
			isa = PBXContainerItemProxy;
			containerPortal = DFE2C732240C1F6D00EDD925 /* FLAT.xcodeproj */;
			proxyType = 2;
			remoteGlobalIDString = F1747999F4BB4567ADCE1321;
			remoteInfo = flatbuffers;
		};
		DFE2C747240C1F6E00EDD925 /* PBXContainerItemProxy */ = {
			isa = PBXContainerItemProxy;
			containerPortal = DFE2C732240C1F6D00EDD925 /* FLAT.xcodeproj */;
			proxyType = 2;
			remoteGlobalIDString = 28395182A80A46AFBF70E456;
			remoteInfo = flatc;
		};
		DFE2C749240C1F6E00EDD925 /* PBXContainerItemProxy */ = {
			isa = PBXContainerItemProxy;
			containerPortal = DFE2C732240C1F6D00EDD925 /* FLAT.xcodeproj */;
			proxyType = 2;
			remoteGlobalIDString = 2E364486804C47FF865B30E4;
			remoteInfo = flathash;
		};
		DFE2C74B240C1F6E00EDD925 /* PBXContainerItemProxy */ = {
			isa = PBXContainerItemProxy;
			containerPortal = DFE2C732240C1F6D00EDD925 /* FLAT.xcodeproj */;
			proxyType = 2;
			remoteGlobalIDString = FE302E4930AB4DB6B16DA431;
			remoteInfo = flatsamplebfbs;
		};
		DFE2C74D240C1F6E00EDD925 /* PBXContainerItemProxy */ = {
			isa = PBXContainerItemProxy;
			containerPortal = DFE2C732240C1F6D00EDD925 /* FLAT.xcodeproj */;
			proxyType = 2;
			remoteGlobalIDString = 392E3AFC9A3E446B8B78E4F8;
			remoteInfo = flatsamplebinary;
		};
		DFE2C74F240C1F6E00EDD925 /* PBXContainerItemProxy */ = {
			isa = PBXContainerItemProxy;
			containerPortal = DFE2C732240C1F6D00EDD925 /* FLAT.xcodeproj */;
			proxyType = 2;
			remoteGlobalIDString = FF2581CE55904BC581178B0B;
			remoteInfo = flatsampletext;
		};
		DFE2C751240C1F6E00EDD925 /* PBXContainerItemProxy */ = {
			isa = PBXContainerItemProxy;
			containerPortal = DFE2C732240C1F6D00EDD925 /* FLAT.xcodeproj */;
			proxyType = 2;
			remoteGlobalIDString = C5D4A439CB864CA989EABB30;
			remoteInfo = flattests;
		};
		DFE2C753240C1F6E00EDD925 /* PBXContainerItemProxy */ = {
			isa = PBXContainerItemProxy;
			containerPortal = DFE2C732240C1F6D00EDD925 /* FLAT.xcodeproj */;
			proxyType = 2;
			remoteGlobalIDString = EB53BD0D2A774ABCA46835EA;
			remoteInfo = tests;
		};
/* End PBXContainerItemProxy section */

/* Begin PBXFileReference section */
		DF009C9423FC14C9006DF207 /* FlatAero.app */ = {isa = PBXFileReference; explicitFileType = wrapper.application; includeInIndex = 0; path = FlatAero.app; sourceTree = BUILT_PRODUCTS_DIR; };
		DF009C9723FC14C9006DF207 /* AppDelegate.swift */ = {isa = PBXFileReference; lastKnownFileType = sourcecode.swift; path = AppDelegate.swift; sourceTree = "<group>"; };
		DF009C9923FC14C9006DF207 /* ContentView.swift */ = {isa = PBXFileReference; lastKnownFileType = sourcecode.swift; path = ContentView.swift; sourceTree = "<group>"; };
		DF009C9B23FC14CA006DF207 /* Assets.xcassets */ = {isa = PBXFileReference; lastKnownFileType = folder.assetcatalog; path = Assets.xcassets; sourceTree = "<group>"; };
		DF009C9E23FC14CA006DF207 /* Preview Assets.xcassets */ = {isa = PBXFileReference; lastKnownFileType = folder.assetcatalog; path = "Preview Assets.xcassets"; sourceTree = "<group>"; };
		DF009CA123FC14CA006DF207 /* Base */ = {isa = PBXFileReference; lastKnownFileType = file.storyboard; name = Base; path = Base.lproj/Main.storyboard; sourceTree = "<group>"; };
		DF009CA323FC14CA006DF207 /* Info.plist */ = {isa = PBXFileReference; lastKnownFileType = text.plist.xml; path = Info.plist; sourceTree = "<group>"; };
		DF009CA423FC14CA006DF207 /* FlatAero.entitlements */ = {isa = PBXFileReference; lastKnownFileType = text.plist.entitlements; path = FlatAero.entitlements; sourceTree = "<group>"; };
		DF009CA923FC14CA006DF207 /* FlatAeroTests.xctest */ = {isa = PBXFileReference; explicitFileType = wrapper.cfbundle; includeInIndex = 0; path = FlatAeroTests.xctest; sourceTree = BUILT_PRODUCTS_DIR; };
		DF009CAD23FC14CA006DF207 /* FlatAeroTests.swift */ = {isa = PBXFileReference; lastKnownFileType = sourcecode.swift; path = FlatAeroTests.swift; sourceTree = "<group>"; };
		DF009CAF23FC14CA006DF207 /* Info.plist */ = {isa = PBXFileReference; lastKnownFileType = text.plist.xml; path = Info.plist; sourceTree = "<group>"; };
		DF009CB423FC14CA006DF207 /* FlatAeroUITests.xctest */ = {isa = PBXFileReference; explicitFileType = wrapper.cfbundle; includeInIndex = 0; path = FlatAeroUITests.xctest; sourceTree = BUILT_PRODUCTS_DIR; };
		DF009CB823FC14CA006DF207 /* FlatAeroUITests.swift */ = {isa = PBXFileReference; lastKnownFileType = sourcecode.swift; path = FlatAeroUITests.swift; sourceTree = "<group>"; };
		DF009CBA23FC14CA006DF207 /* Info.plist */ = {isa = PBXFileReference; lastKnownFileType = text.plist.xml; path = Info.plist; sourceTree = "<group>"; };
		DF95C948240D77BE009FA3C5 /* FlatTests.swift */ = {isa = PBXFileReference; lastKnownFileType = sourcecode.swift; path = FlatTests.swift; sourceTree = "<group>"; };
		DFE2C72A240C1BD300EDD925 /* FlatAero-Bridging-Header.h */ = {isa = PBXFileReference; lastKnownFileType = sourcecode.c.h; path = "FlatAero-Bridging-Header.h"; sourceTree = "<group>"; };
		DFE2C72F240C1D4000EDD925 /* variables.h */ = {isa = PBXFileReference; fileEncoding = 4; lastKnownFileType = sourcecode.c.h; name = variables.h; path = ../../../flat/src/flat/variables.h; sourceTree = "<group>"; };
		DFE2C730240C1D4000EDD925 /* JSON.h */ = {isa = PBXFileReference; fileEncoding = 4; lastKnownFileType = sourcecode.c.h; name = JSON.h; path = ../../../flat/src/flat/JSON.h; sourceTree = "<group>"; };
		DFE2C731240C1D4000EDD925 /* flat.h */ = {isa = PBXFileReference; fileEncoding = 4; lastKnownFileType = sourcecode.c.h; name = flat.h; path = ../../../flat/src/flat/flat.h; sourceTree = "<group>"; };
		DFE2C732240C1F6D00EDD925 /* FLAT.xcodeproj */ = {isa = PBXFileReference; lastKnownFileType = "wrapper.pb-project"; name = FLAT.xcodeproj; path = ../flat/FLAT.xcodeproj; sourceTree = "<group>"; };
		DFE2C755240C205D00EDD925 /* FlatWrapper.swift */ = {isa = PBXFileReference; lastKnownFileType = sourcecode.swift; path = FlatWrapper.swift; sourceTree = "<group>"; };
		DFF2D8A8240C362E00ADF561 /* Wrapper.h */ = {isa = PBXFileReference; lastKnownFileType = sourcecode.c.h; path = Wrapper.h; sourceTree = "<group>"; };
		DFF2D8A9240C362E00ADF561 /* Wrapper.mm */ = {isa = PBXFileReference; lastKnownFileType = sourcecode.cpp.objcpp; path = Wrapper.mm; sourceTree = "<group>"; };
/* End PBXFileReference section */

/* Begin PBXFrameworksBuildPhase section */
		DF009C9123FC14C9006DF207 /* Frameworks */ = {
			isa = PBXFrameworksBuildPhase;
			buildActionMask = 2147483647;
			files = (
				DF4DFD21240CEA7A0093F6FD /* libflat.a in Frameworks */,
				DFF2D8AB240C64A800ADF561 /* libflatbuffers.a in Frameworks */,
			);
			runOnlyForDeploymentPostprocessing = 0;
		};
		DF009CA623FC14CA006DF207 /* Frameworks */ = {
			isa = PBXFrameworksBuildPhase;
			buildActionMask = 2147483647;
			files = (
			);
			runOnlyForDeploymentPostprocessing = 0;
		};
		DF009CB123FC14CA006DF207 /* Frameworks */ = {
			isa = PBXFrameworksBuildPhase;
			buildActionMask = 2147483647;
			files = (
			);
			runOnlyForDeploymentPostprocessing = 0;
		};
/* End PBXFrameworksBuildPhase section */

/* Begin PBXGroup section */
		DF009C8B23FC14C9006DF207 = {
			isa = PBXGroup;
			children = (
				DFE2C732240C1F6D00EDD925 /* FLAT.xcodeproj */,
				DF009C9623FC14C9006DF207 /* FlatAero */,
				DF009CAC23FC14CA006DF207 /* FlatAeroTests */,
				DF009CB723FC14CA006DF207 /* FlatAeroUITests */,
				DF009C9523FC14C9006DF207 /* Products */,
				DFB87368240C0CCE008A39EF /* Frameworks */,
			);
			sourceTree = "<group>";
		};
		DF009C9523FC14C9006DF207 /* Products */ = {
			isa = PBXGroup;
			children = (
				DF009C9423FC14C9006DF207 /* FlatAero.app */,
				DF009CA923FC14CA006DF207 /* FlatAeroTests.xctest */,
				DF009CB423FC14CA006DF207 /* FlatAeroUITests.xctest */,
			);
			name = Products;
			sourceTree = "<group>";
		};
		DF009C9623FC14C9006DF207 /* FlatAero */ = {
			isa = PBXGroup;
			children = (
				DFE2C729240C1BC100EDD925 /* C_Link */,
				DF009C9723FC14C9006DF207 /* AppDelegate.swift */,
				DF009C9923FC14C9006DF207 /* ContentView.swift */,
				DF009C9B23FC14CA006DF207 /* Assets.xcassets */,
				DF009CA023FC14CA006DF207 /* Main.storyboard */,
				DF009CA323FC14CA006DF207 /* Info.plist */,
				DF009CA423FC14CA006DF207 /* FlatAero.entitlements */,
				DF009C9D23FC14CA006DF207 /* Preview Content */,
			);
			path = FlatAero;
			sourceTree = "<group>";
		};
		DF009C9D23FC14CA006DF207 /* Preview Content */ = {
			isa = PBXGroup;
			children = (
				DF009C9E23FC14CA006DF207 /* Preview Assets.xcassets */,
			);
			path = "Preview Content";
			sourceTree = "<group>";
		};
		DF009CAC23FC14CA006DF207 /* FlatAeroTests */ = {
			isa = PBXGroup;
			children = (
				DF009CAD23FC14CA006DF207 /* FlatAeroTests.swift */,
				DF009CAF23FC14CA006DF207 /* Info.plist */,
				DF95C948240D77BE009FA3C5 /* FlatTests.swift */,
			);
			path = FlatAeroTests;
			sourceTree = "<group>";
		};
		DF009CB723FC14CA006DF207 /* FlatAeroUITests */ = {
			isa = PBXGroup;
			children = (
				DF009CB823FC14CA006DF207 /* FlatAeroUITests.swift */,
				DF009CBA23FC14CA006DF207 /* Info.plist */,
			);
			path = FlatAeroUITests;
			sourceTree = "<group>";
		};
		DFB87368240C0CCE008A39EF /* Frameworks */ = {
			isa = PBXGroup;
			children = (
			);
			name = Frameworks;
			sourceTree = "<group>";
		};
		DFE2C729240C1BC100EDD925 /* C_Link */ = {
			isa = PBXGroup;
			children = (
				DFE2C731240C1D4000EDD925 /* flat.h */,
				DFE2C730240C1D4000EDD925 /* JSON.h */,
				DFE2C72F240C1D4000EDD925 /* variables.h */,
				DFE2C72A240C1BD300EDD925 /* FlatAero-Bridging-Header.h */,
				DFE2C755240C205D00EDD925 /* FlatWrapper.swift */,
				DFF2D8A8240C362E00ADF561 /* Wrapper.h */,
				DFF2D8A9240C362E00ADF561 /* Wrapper.mm */,
			);
			path = C_Link;
			sourceTree = "<group>";
		};
		DFE2C733240C1F6D00EDD925 /* Products */ = {
			isa = PBXGroup;
			children = (
				DFE2C744240C1F6E00EDD925 /* libflat.a */,
				DFE2C746240C1F6E00EDD925 /* libflatbuffers.a */,
				DFE2C748240C1F6E00EDD925 /* flatc */,
				DFE2C74A240C1F6E00EDD925 /* flathash */,
				DFE2C74C240C1F6E00EDD925 /* flatsamplebfbs */,
				DFE2C74E240C1F6E00EDD925 /* flatsamplebinary */,
				DFE2C750240C1F6E00EDD925 /* flatsampletext */,
				DFE2C752240C1F6E00EDD925 /* flattests */,
				DFE2C754240C1F6E00EDD925 /* tests */,
			);
			name = Products;
			sourceTree = "<group>";
		};
/* End PBXGroup section */

/* Begin PBXNativeTarget section */
		DF009C9323FC14C9006DF207 /* FlatAero */ = {
			isa = PBXNativeTarget;
			buildConfigurationList = DF009CBD23FC14CA006DF207 /* Build configuration list for PBXNativeTarget "FlatAero" */;
			buildPhases = (
				DF009C9023FC14C9006DF207 /* Sources */,
				DF009C9123FC14C9006DF207 /* Frameworks */,
				DF009C9223FC14C9006DF207 /* Resources */,
			);
			buildRules = (
			);
			dependencies = (
			);
			name = FlatAero;
			productName = FlatAero;
			productReference = DF009C9423FC14C9006DF207 /* FlatAero.app */;
			productType = "com.apple.product-type.application";
		};
		DF009CA823FC14CA006DF207 /* FlatAeroTests */ = {
			isa = PBXNativeTarget;
			buildConfigurationList = DF009CC023FC14CA006DF207 /* Build configuration list for PBXNativeTarget "FlatAeroTests" */;
			buildPhases = (
				DF009CA523FC14CA006DF207 /* Sources */,
				DF009CA623FC14CA006DF207 /* Frameworks */,
				DF009CA723FC14CA006DF207 /* Resources */,
			);
			buildRules = (
			);
			dependencies = (
				DF009CAB23FC14CA006DF207 /* PBXTargetDependency */,
			);
			name = FlatAeroTests;
			productName = FlatAeroTests;
			productReference = DF009CA923FC14CA006DF207 /* FlatAeroTests.xctest */;
			productType = "com.apple.product-type.bundle.unit-test";
		};
		DF009CB323FC14CA006DF207 /* FlatAeroUITests */ = {
			isa = PBXNativeTarget;
			buildConfigurationList = DF009CC323FC14CA006DF207 /* Build configuration list for PBXNativeTarget "FlatAeroUITests" */;
			buildPhases = (
				DF009CB023FC14CA006DF207 /* Sources */,
				DF009CB123FC14CA006DF207 /* Frameworks */,
				DF009CB223FC14CA006DF207 /* Resources */,
			);
			buildRules = (
			);
			dependencies = (
				DF009CB623FC14CA006DF207 /* PBXTargetDependency */,
			);
			name = FlatAeroUITests;
			productName = FlatAeroUITests;
			productReference = DF009CB423FC14CA006DF207 /* FlatAeroUITests.xctest */;
			productType = "com.apple.product-type.bundle.ui-testing";
		};
/* End PBXNativeTarget section */

/* Begin PBXProject section */
		DF009C8C23FC14C9006DF207 /* Project object */ = {
			isa = PBXProject;
			attributes = {
				LastSwiftUpdateCheck = 1130;
				LastUpgradeCheck = 1130;
				ORGANIZATIONNAME = "Mustafa Khalil";
				TargetAttributes = {
					DF009C9323FC14C9006DF207 = {
						CreatedOnToolsVersion = 11.3.1;
						LastSwiftMigration = 1130;
					};
					DF009CA823FC14CA006DF207 = {
						CreatedOnToolsVersion = 11.3.1;
						TestTargetID = DF009C9323FC14C9006DF207;
					};
					DF009CB323FC14CA006DF207 = {
						CreatedOnToolsVersion = 11.3.1;
						TestTargetID = DF009C9323FC14C9006DF207;
					};
				};
			};
			buildConfigurationList = DF009C8F23FC14C9006DF207 /* Build configuration list for PBXProject "FlatAero" */;
			compatibilityVersion = "Xcode 9.3";
			developmentRegion = en;
			hasScannedForEncodings = 0;
			knownRegions = (
				en,
				Base,
			);
			mainGroup = DF009C8B23FC14C9006DF207;
			productRefGroup = DF009C9523FC14C9006DF207 /* Products */;
			projectDirPath = "";
			projectReferences = (
				{
					ProductGroup = DFE2C733240C1F6D00EDD925 /* Products */;
					ProjectRef = DFE2C732240C1F6D00EDD925 /* FLAT.xcodeproj */;
				},
			);
			projectRoot = "";
			targets = (
				DF009C9323FC14C9006DF207 /* FlatAero */,
				DF009CA823FC14CA006DF207 /* FlatAeroTests */,
				DF009CB323FC14CA006DF207 /* FlatAeroUITests */,
			);
		};
/* End PBXProject section */

/* Begin PBXReferenceProxy section */
		DFE2C744240C1F6E00EDD925 /* libflat.a */ = {
			isa = PBXReferenceProxy;
			fileType = archive.ar;
			path = libflat.a;
			remoteRef = DFE2C743240C1F6E00EDD925 /* PBXContainerItemProxy */;
			sourceTree = BUILT_PRODUCTS_DIR;
		};
		DFE2C746240C1F6E00EDD925 /* libflatbuffers.a */ = {
			isa = PBXReferenceProxy;
			fileType = archive.ar;
			path = libflatbuffers.a;
			remoteRef = DFE2C745240C1F6E00EDD925 /* PBXContainerItemProxy */;
			sourceTree = BUILT_PRODUCTS_DIR;
		};
		DFE2C748240C1F6E00EDD925 /* flatc */ = {
			isa = PBXReferenceProxy;
			fileType = "compiled.mach-o.executable";
			path = flatc;
			remoteRef = DFE2C747240C1F6E00EDD925 /* PBXContainerItemProxy */;
			sourceTree = BUILT_PRODUCTS_DIR;
		};
		DFE2C74A240C1F6E00EDD925 /* flathash */ = {
			isa = PBXReferenceProxy;
			fileType = "compiled.mach-o.executable";
			path = flathash;
			remoteRef = DFE2C749240C1F6E00EDD925 /* PBXContainerItemProxy */;
			sourceTree = BUILT_PRODUCTS_DIR;
		};
		DFE2C74C240C1F6E00EDD925 /* flatsamplebfbs */ = {
			isa = PBXReferenceProxy;
			fileType = "compiled.mach-o.executable";
			path = flatsamplebfbs;
			remoteRef = DFE2C74B240C1F6E00EDD925 /* PBXContainerItemProxy */;
			sourceTree = BUILT_PRODUCTS_DIR;
		};
		DFE2C74E240C1F6E00EDD925 /* flatsamplebinary */ = {
			isa = PBXReferenceProxy;
			fileType = "compiled.mach-o.executable";
			path = flatsamplebinary;
			remoteRef = DFE2C74D240C1F6E00EDD925 /* PBXContainerItemProxy */;
			sourceTree = BUILT_PRODUCTS_DIR;
		};
		DFE2C750240C1F6E00EDD925 /* flatsampletext */ = {
			isa = PBXReferenceProxy;
			fileType = "compiled.mach-o.executable";
			path = flatsampletext;
			remoteRef = DFE2C74F240C1F6E00EDD925 /* PBXContainerItemProxy */;
			sourceTree = BUILT_PRODUCTS_DIR;
		};
		DFE2C752240C1F6E00EDD925 /* flattests */ = {
			isa = PBXReferenceProxy;
			fileType = "compiled.mach-o.executable";
			path = flattests;
			remoteRef = DFE2C751240C1F6E00EDD925 /* PBXContainerItemProxy */;
			sourceTree = BUILT_PRODUCTS_DIR;
		};
		DFE2C754240C1F6E00EDD925 /* tests */ = {
			isa = PBXReferenceProxy;
			fileType = "compiled.mach-o.executable";
			path = tests;
			remoteRef = DFE2C753240C1F6E00EDD925 /* PBXContainerItemProxy */;
			sourceTree = BUILT_PRODUCTS_DIR;
		};
/* End PBXReferenceProxy section */

/* Begin PBXResourcesBuildPhase section */
		DF009C9223FC14C9006DF207 /* Resources */ = {
			isa = PBXResourcesBuildPhase;
			buildActionMask = 2147483647;
			files = (
				DF009CA223FC14CA006DF207 /* Main.storyboard in Resources */,
				DF009C9F23FC14CA006DF207 /* Preview Assets.xcassets in Resources */,
				DF009C9C23FC14CA006DF207 /* Assets.xcassets in Resources */,
			);
			runOnlyForDeploymentPostprocessing = 0;
		};
		DF009CA723FC14CA006DF207 /* Resources */ = {
			isa = PBXResourcesBuildPhase;
			buildActionMask = 2147483647;
			files = (
			);
			runOnlyForDeploymentPostprocessing = 0;
		};
		DF009CB223FC14CA006DF207 /* Resources */ = {
			isa = PBXResourcesBuildPhase;
			buildActionMask = 2147483647;
			files = (
			);
			runOnlyForDeploymentPostprocessing = 0;
		};
/* End PBXResourcesBuildPhase section */

/* Begin PBXSourcesBuildPhase section */
		DF009C9023FC14C9006DF207 /* Sources */ = {
			isa = PBXSourcesBuildPhase;
			buildActionMask = 2147483647;
			files = (
				DFE2C756240C205D00EDD925 /* FlatWrapper.swift in Sources */,
				DFF2D8AA240C362E00ADF561 /* Wrapper.mm in Sources */,
				DF009C9A23FC14C9006DF207 /* ContentView.swift in Sources */,
				DF009C9823FC14C9006DF207 /* AppDelegate.swift in Sources */,
			);
			runOnlyForDeploymentPostprocessing = 0;
		};
		DF009CA523FC14CA006DF207 /* Sources */ = {
			isa = PBXSourcesBuildPhase;
			buildActionMask = 2147483647;
			files = (
				DF95C949240D77BE009FA3C5 /* FlatTests.swift in Sources */,
				DF009CAE23FC14CA006DF207 /* FlatAeroTests.swift in Sources */,
			);
			runOnlyForDeploymentPostprocessing = 0;
		};
		DF009CB023FC14CA006DF207 /* Sources */ = {
			isa = PBXSourcesBuildPhase;
			buildActionMask = 2147483647;
			files = (
				DF009CB923FC14CA006DF207 /* FlatAeroUITests.swift in Sources */,
			);
			runOnlyForDeploymentPostprocessing = 0;
		};
/* End PBXSourcesBuildPhase section */

/* Begin PBXTargetDependency section */
		DF009CAB23FC14CA006DF207 /* PBXTargetDependency */ = {
			isa = PBXTargetDependency;
			target = DF009C9323FC14C9006DF207 /* FlatAero */;
			targetProxy = DF009CAA23FC14CA006DF207 /* PBXContainerItemProxy */;
		};
		DF009CB623FC14CA006DF207 /* PBXTargetDependency */ = {
			isa = PBXTargetDependency;
			target = DF009C9323FC14C9006DF207 /* FlatAero */;
			targetProxy = DF009CB523FC14CA006DF207 /* PBXContainerItemProxy */;
		};
/* End PBXTargetDependency section */

/* Begin PBXVariantGroup section */
		DF009CA023FC14CA006DF207 /* Main.storyboard */ = {
			isa = PBXVariantGroup;
			children = (
				DF009CA123FC14CA006DF207 /* Base */,
			);
			name = Main.storyboard;
			sourceTree = "<group>";
		};
/* End PBXVariantGroup section */

/* Begin XCBuildConfiguration section */
		DF009CBB23FC14CA006DF207 /* Debug */ = {
			isa = XCBuildConfiguration;
			buildSettings = {
				ALWAYS_SEARCH_USER_PATHS = NO;
				CLANG_ANALYZER_NONNULL = YES;
				CLANG_ANALYZER_NUMBER_OBJECT_CONVERSION = YES_AGGRESSIVE;
				CLANG_CXX_LANGUAGE_STANDARD = "gnu++14";
				CLANG_CXX_LIBRARY = "libc++";
				CLANG_ENABLE_MODULES = YES;
				CLANG_ENABLE_OBJC_ARC = YES;
				CLANG_ENABLE_OBJC_WEAK = YES;
				CLANG_WARN_BLOCK_CAPTURE_AUTORELEASING = YES;
				CLANG_WARN_BOOL_CONVERSION = YES;
				CLANG_WARN_COMMA = YES;
				CLANG_WARN_CONSTANT_CONVERSION = YES;
				CLANG_WARN_DEPRECATED_OBJC_IMPLEMENTATIONS = YES;
				CLANG_WARN_DIRECT_OBJC_ISA_USAGE = YES_ERROR;
				CLANG_WARN_DOCUMENTATION_COMMENTS = YES;
				CLANG_WARN_EMPTY_BODY = YES;
				CLANG_WARN_ENUM_CONVERSION = YES;
				CLANG_WARN_INFINITE_RECURSION = YES;
				CLANG_WARN_INT_CONVERSION = YES;
				CLANG_WARN_NON_LITERAL_NULL_CONVERSION = YES;
				CLANG_WARN_OBJC_IMPLICIT_RETAIN_SELF = YES;
				CLANG_WARN_OBJC_LITERAL_CONVERSION = YES;
				CLANG_WARN_OBJC_ROOT_CLASS = YES_ERROR;
				CLANG_WARN_RANGE_LOOP_ANALYSIS = YES;
				CLANG_WARN_STRICT_PROTOTYPES = YES;
				CLANG_WARN_SUSPICIOUS_MOVE = YES;
				CLANG_WARN_UNGUARDED_AVAILABILITY = YES_AGGRESSIVE;
				CLANG_WARN_UNREACHABLE_CODE = YES;
				CLANG_WARN__DUPLICATE_METHOD_MATCH = YES;
				COPY_PHASE_STRIP = NO;
				DEBUG_INFORMATION_FORMAT = dwarf;
				ENABLE_STRICT_OBJC_MSGSEND = YES;
				ENABLE_TESTABILITY = YES;
				GCC_C_LANGUAGE_STANDARD = gnu11;
				GCC_DYNAMIC_NO_PIC = NO;
				GCC_NO_COMMON_BLOCKS = YES;
				GCC_OPTIMIZATION_LEVEL = 0;
				GCC_PREPROCESSOR_DEFINITIONS = (
					"DEBUG=1",
					"$(inherited)",
				);
				GCC_WARN_64_TO_32_BIT_CONVERSION = YES;
				GCC_WARN_ABOUT_RETURN_TYPE = YES_ERROR;
				GCC_WARN_UNDECLARED_SELECTOR = YES;
				GCC_WARN_UNINITIALIZED_AUTOS = YES_AGGRESSIVE;
				GCC_WARN_UNUSED_FUNCTION = YES;
				GCC_WARN_UNUSED_VARIABLE = YES;
				MACOSX_DEPLOYMENT_TARGET = 10.15;
				MTL_ENABLE_DEBUG_INFO = INCLUDE_SOURCE;
				MTL_FAST_MATH = YES;
				ONLY_ACTIVE_ARCH = YES;
				SDKROOT = macosx;
				SWIFT_ACTIVE_COMPILATION_CONDITIONS = DEBUG;
				SWIFT_OPTIMIZATION_LEVEL = "-Onone";
			};
			name = Debug;
		};
		DF009CBC23FC14CA006DF207 /* Release */ = {
			isa = XCBuildConfiguration;
			buildSettings = {
				ALWAYS_SEARCH_USER_PATHS = NO;
				CLANG_ANALYZER_NONNULL = YES;
				CLANG_ANALYZER_NUMBER_OBJECT_CONVERSION = YES_AGGRESSIVE;
				CLANG_CXX_LANGUAGE_STANDARD = "gnu++14";
				CLANG_CXX_LIBRARY = "libc++";
				CLANG_ENABLE_MODULES = YES;
				CLANG_ENABLE_OBJC_ARC = YES;
				CLANG_ENABLE_OBJC_WEAK = YES;
				CLANG_WARN_BLOCK_CAPTURE_AUTORELEASING = YES;
				CLANG_WARN_BOOL_CONVERSION = YES;
				CLANG_WARN_COMMA = YES;
				CLANG_WARN_CONSTANT_CONVERSION = YES;
				CLANG_WARN_DEPRECATED_OBJC_IMPLEMENTATIONS = YES;
				CLANG_WARN_DIRECT_OBJC_ISA_USAGE = YES_ERROR;
				CLANG_WARN_DOCUMENTATION_COMMENTS = YES;
				CLANG_WARN_EMPTY_BODY = YES;
				CLANG_WARN_ENUM_CONVERSION = YES;
				CLANG_WARN_INFINITE_RECURSION = YES;
				CLANG_WARN_INT_CONVERSION = YES;
				CLANG_WARN_NON_LITERAL_NULL_CONVERSION = YES;
				CLANG_WARN_OBJC_IMPLICIT_RETAIN_SELF = YES;
				CLANG_WARN_OBJC_LITERAL_CONVERSION = YES;
				CLANG_WARN_OBJC_ROOT_CLASS = YES_ERROR;
				CLANG_WARN_RANGE_LOOP_ANALYSIS = YES;
				CLANG_WARN_STRICT_PROTOTYPES = YES;
				CLANG_WARN_SUSPICIOUS_MOVE = YES;
				CLANG_WARN_UNGUARDED_AVAILABILITY = YES_AGGRESSIVE;
				CLANG_WARN_UNREACHABLE_CODE = YES;
				CLANG_WARN__DUPLICATE_METHOD_MATCH = YES;
				COPY_PHASE_STRIP = NO;
				DEBUG_INFORMATION_FORMAT = "dwarf-with-dsym";
				ENABLE_NS_ASSERTIONS = NO;
				ENABLE_STRICT_OBJC_MSGSEND = YES;
				GCC_C_LANGUAGE_STANDARD = gnu11;
				GCC_NO_COMMON_BLOCKS = YES;
				GCC_WARN_64_TO_32_BIT_CONVERSION = YES;
				GCC_WARN_ABOUT_RETURN_TYPE = YES_ERROR;
				GCC_WARN_UNDECLARED_SELECTOR = YES;
				GCC_WARN_UNINITIALIZED_AUTOS = YES_AGGRESSIVE;
				GCC_WARN_UNUSED_FUNCTION = YES;
				GCC_WARN_UNUSED_VARIABLE = YES;
				MACOSX_DEPLOYMENT_TARGET = 10.15;
				MTL_ENABLE_DEBUG_INFO = NO;
				MTL_FAST_MATH = YES;
				SDKROOT = macosx;
				SWIFT_COMPILATION_MODE = wholemodule;
				SWIFT_OPTIMIZATION_LEVEL = "-O";
			};
			name = Release;
		};
		DF009CBE23FC14CA006DF207 /* Debug */ = {
			isa = XCBuildConfiguration;
			buildSettings = {
				ASSETCATALOG_COMPILER_APPICON_NAME = AppIcon;
				CLANG_ENABLE_MODULES = YES;
				CODE_SIGN_ENTITLEMENTS = FlatAero/FlatAero.entitlements;
				CODE_SIGN_STYLE = Automatic;
				COMBINE_HIDPI_IMAGES = YES;
				DEVELOPMENT_ASSET_PATHS = "\"FlatAero/Preview Content\"";
				DEVELOPMENT_TEAM = 8QAD36SMXZ;
				ENABLE_HARDENED_RUNTIME = YES;
				ENABLE_PREVIEWS = YES;
				INFOPLIST_FILE = FlatAero/Info.plist;
				LD_RUNPATH_SEARCH_PATHS = (
					"$(inherited)",
					"@executable_path/../Frameworks",
				);
				MACOSX_DEPLOYMENT_TARGET = 10.15;
				OTHER_LDFLAGS = (
					"-Wl,-search_paths_first",
					"-Wl,-headerpad_max_install_names",
					../flat/Debug/libflat.a,
				);
				PRODUCT_BUNDLE_IDENTIFIER = space.mmk.FlatAero;
				PRODUCT_NAME = "$(TARGET_NAME)";
				SWIFT_OBJC_BRIDGING_HEADER = "FlatAero/C_Link/FlatAero-Bridging-Header.h";
				SWIFT_OPTIMIZATION_LEVEL = "-Onone";
				SWIFT_VERSION = 5.0;
				USER_HEADER_SEARCH_PATHS = (
					../flat/tests,
					../flat/src,
					../flat/flatbuffers/include,
				);
			};
			name = Debug;
		};
		DF009CBF23FC14CA006DF207 /* Release */ = {
			isa = XCBuildConfiguration;
			buildSettings = {
				ASSETCATALOG_COMPILER_APPICON_NAME = AppIcon;
				CLANG_ENABLE_MODULES = YES;
				CODE_SIGN_ENTITLEMENTS = FlatAero/FlatAero.entitlements;
				CODE_SIGN_STYLE = Automatic;
				COMBINE_HIDPI_IMAGES = YES;
				DEVELOPMENT_ASSET_PATHS = "\"FlatAero/Preview Content\"";
				DEVELOPMENT_TEAM = 8QAD36SMXZ;
				ENABLE_HARDENED_RUNTIME = YES;
				ENABLE_PREVIEWS = YES;
				INFOPLIST_FILE = FlatAero/Info.plist;
				LD_RUNPATH_SEARCH_PATHS = (
					"$(inherited)",
					"@executable_path/../Frameworks",
				);
				MACOSX_DEPLOYMENT_TARGET = 10.15;
				OTHER_LDFLAGS = (
					"-Wl,-search_paths_first",
					"-Wl,-headerpad_max_install_names",
					../flat/Debug/libflat.a,
				);
				PRODUCT_BUNDLE_IDENTIFIER = space.mmk.FlatAero;
				PRODUCT_NAME = "$(TARGET_NAME)";
				SWIFT_OBJC_BRIDGING_HEADER = "FlatAero/C_Link/FlatAero-Bridging-Header.h";
				SWIFT_VERSION = 5.0;
				USER_HEADER_SEARCH_PATHS = (
					../flat/tests,
					../flat/src,
					../flat/flatbuffers/include,
				);
			};
			name = Release;
		};
		DF009CC123FC14CA006DF207 /* Debug */ = {
			isa = XCBuildConfiguration;
			buildSettings = {
				ALWAYS_EMBED_SWIFT_STANDARD_LIBRARIES = YES;
				BUNDLE_LOADER = "$(TEST_HOST)";
				CODE_SIGN_STYLE = Automatic;
				COMBINE_HIDPI_IMAGES = YES;
				DEVELOPMENT_TEAM = 8QAD36SMXZ;
				INFOPLIST_FILE = FlatAeroTests/Info.plist;
				LD_RUNPATH_SEARCH_PATHS = (
					"$(inherited)",
					"@executable_path/../Frameworks",
					"@loader_path/../Frameworks",
				);
				MACOSX_DEPLOYMENT_TARGET = 10.15;
				PRODUCT_BUNDLE_IDENTIFIER = space.mmk.FlatAeroTests;
				PRODUCT_NAME = "$(TARGET_NAME)";
				SWIFT_VERSION = 5.0;
				TEST_HOST = "$(BUILT_PRODUCTS_DIR)/FlatAero.app/Contents/MacOS/FlatAero";
			};
			name = Debug;
		};
		DF009CC223FC14CA006DF207 /* Release */ = {
			isa = XCBuildConfiguration;
			buildSettings = {
				ALWAYS_EMBED_SWIFT_STANDARD_LIBRARIES = YES;
				BUNDLE_LOADER = "$(TEST_HOST)";
				CODE_SIGN_STYLE = Automatic;
				COMBINE_HIDPI_IMAGES = YES;
				DEVELOPMENT_TEAM = 8QAD36SMXZ;
				INFOPLIST_FILE = FlatAeroTests/Info.plist;
				LD_RUNPATH_SEARCH_PATHS = (
					"$(inherited)",
					"@executable_path/../Frameworks",
					"@loader_path/../Frameworks",
				);
				MACOSX_DEPLOYMENT_TARGET = 10.15;
				PRODUCT_BUNDLE_IDENTIFIER = space.mmk.FlatAeroTests;
				PRODUCT_NAME = "$(TARGET_NAME)";
				SWIFT_VERSION = 5.0;
				TEST_HOST = "$(BUILT_PRODUCTS_DIR)/FlatAero.app/Contents/MacOS/FlatAero";
			};
			name = Release;
		};
		DF009CC423FC14CA006DF207 /* Debug */ = {
			isa = XCBuildConfiguration;
			buildSettings = {
				ALWAYS_EMBED_SWIFT_STANDARD_LIBRARIES = YES;
				CODE_SIGN_STYLE = Automatic;
				COMBINE_HIDPI_IMAGES = YES;
				DEVELOPMENT_TEAM = 8QAD36SMXZ;
				INFOPLIST_FILE = FlatAeroUITests/Info.plist;
				LD_RUNPATH_SEARCH_PATHS = (
					"$(inherited)",
					"@executable_path/../Frameworks",
					"@loader_path/../Frameworks",
				);
				PRODUCT_BUNDLE_IDENTIFIER = space.mmk.FlatAeroUITests;
				PRODUCT_NAME = "$(TARGET_NAME)";
				SWIFT_VERSION = 5.0;
				TEST_TARGET_NAME = FlatAero;
			};
			name = Debug;
		};
		DF009CC523FC14CA006DF207 /* Release */ = {
			isa = XCBuildConfiguration;
			buildSettings = {
				ALWAYS_EMBED_SWIFT_STANDARD_LIBRARIES = YES;
				CODE_SIGN_STYLE = Automatic;
				COMBINE_HIDPI_IMAGES = YES;
				DEVELOPMENT_TEAM = 8QAD36SMXZ;
				INFOPLIST_FILE = FlatAeroUITests/Info.plist;
				LD_RUNPATH_SEARCH_PATHS = (
					"$(inherited)",
					"@executable_path/../Frameworks",
					"@loader_path/../Frameworks",
				);
				PRODUCT_BUNDLE_IDENTIFIER = space.mmk.FlatAeroUITests;
				PRODUCT_NAME = "$(TARGET_NAME)";
				SWIFT_VERSION = 5.0;
				TEST_TARGET_NAME = FlatAero;
			};
			name = Release;
		};
/* End XCBuildConfiguration section */

/* Begin XCConfigurationList section */
		DF009C8F23FC14C9006DF207 /* Build configuration list for PBXProject "FlatAero" */ = {
			isa = XCConfigurationList;
			buildConfigurations = (
				DF009CBB23FC14CA006DF207 /* Debug */,
				DF009CBC23FC14CA006DF207 /* Release */,
			);
			defaultConfigurationIsVisible = 0;
			defaultConfigurationName = Release;
		};
		DF009CBD23FC14CA006DF207 /* Build configuration list for PBXNativeTarget "FlatAero" */ = {
			isa = XCConfigurationList;
			buildConfigurations = (
				DF009CBE23FC14CA006DF207 /* Debug */,
				DF009CBF23FC14CA006DF207 /* Release */,
			);
			defaultConfigurationIsVisible = 0;
			defaultConfigurationName = Release;
		};
		DF009CC023FC14CA006DF207 /* Build configuration list for PBXNativeTarget "FlatAeroTests" */ = {
			isa = XCConfigurationList;
			buildConfigurations = (
				DF009CC123FC14CA006DF207 /* Debug */,
				DF009CC223FC14CA006DF207 /* Release */,
			);
			defaultConfigurationIsVisible = 0;
			defaultConfigurationName = Release;
		};
		DF009CC323FC14CA006DF207 /* Build configuration list for PBXNativeTarget "FlatAeroUITests" */ = {
			isa = XCConfigurationList;
			buildConfigurations = (
				DF009CC423FC14CA006DF207 /* Debug */,
				DF009CC523FC14CA006DF207 /* Release */,
			);
			defaultConfigurationIsVisible = 0;
			defaultConfigurationName = Release;
		};
/* End XCConfigurationList section */
	};
	rootObject = DF009C8C23FC14C9006DF207 /* Project object */;
}
